PODS:
  - Alamofire (3.3.1)
  - CVCalendar (1.2.9)
  - SwiftSpinner (0.9.5)

DEPENDENCIES:
  - Alamofire
  - CVCalendar
  - SwiftSpinner

SPEC CHECKSUMS:
  Alamofire: 369bc67b6f5ac33ded3648d7bd21c5bfb91c2ecc
  CVCalendar: 0799256e0bc3b43e83b7e86c0729ce9ff0624cb6
  SwiftSpinner: c6585a0ae5c67eb33e737695cce88f0262008cce

COCOAPODS: 0.39.0
